<?xml version="1.0" encoding="utf-8"?>
<Project ToolsVersion="4.0" xmlns="http://schemas.microsoft.com/developer/msbuild/2003">
  <ItemGroup>
    <Filter Include="Source Files">
      <UniqueIdentifier>{4FC737F1-C7A5-4376-A066-2A32D752A2FF}</UniqueIdentifier>
      <Extensions>cpp;c;cc;cxx;def;odl;idl;hpj;bat;asm;asmx</Extensions>
    </Filter>
    <Filter Include="Header Files">
      <UniqueIdentifier>{93995380-89BD-4b04-88EB-625FBE52EBFB}</UniqueIdentifier>
      <Extensions>h;hh;hpp;hxx;hm;inl;inc;xsd</Extensions>
    </Filter>
    <Filter Include="Resource Files">
      <UniqueIdentifier>{67DA6AB6-F800-4c08-8B7A-83BB121AAD01}</UniqueIdentifier>
      <Extensions>rc;ico;cur;bmp;dlg;rc2;rct;bin;rgs;gif;jpg;jpeg;jpe;resx;tiff;tif;png;wav;mfcribbon-ms</Extensions>
    </Filter>
    <Filter Include="Source Files\Shaders">
      <UniqueIdentifier>{996a8eb6-28a1-47b7-88f7-8a8545395cc3}</UniqueIdentifier>
    </Filter>
  </ItemGroup>
  <ItemGroup>
    <ClCompile Include="Main.cpp">
      <Filter>Source Files</Filter>
    </ClCompile>
    <ClCompile Include="SoundModule.cpp">
      <Filter>Source Files</Filter>
    </ClCompile>
    <ClCompile Include="DCore.cpp">
      <Filter>Source Files</Filter>
    </ClCompile>
    <ClCompile Include="Visualizer.cpp">
      <Filter>Source Files</Filter>
    </ClCompile>
    <ClCompile Include="DGfx.cpp">
      <Filter>Source Files</Filter>
    </ClCompile>
    <ClCompile Include="DRender.cpp">
      <Filter>Source Files</Filter>
    </ClCompile>
    <ClCompile Include="DSolidBox.cpp">
      <Filter>Source Files</Filter>
    </ClCompile>
  </ItemGroup>
  <ItemGroup>
    <ClInclude Include="SoundModule.h">
      <Filter>Header Files</Filter>
    </ClInclude>
    <ClInclude Include="BaseTypes.h">
      <Filter>Header Files</Filter>
    </ClInclude>
    <ClInclude Include="SPCFile.h">
      <Filter>Header Files</Filter>
    </ClInclude>
    <ClInclude Include="IGfx.h">
      <Filter>Header Files</Filter>
    </ClInclude>
    <ClInclude Include="DCore.h">
      <Filter>Header Files</Filter>
    </ClInclude>
    <ClInclude Include="IRender.h">
      <Filter>Header Files</Filter>
    </ClInclude>
    <ClInclude Include="DIntf.h">
      <Filter>Header Files</Filter>
    </ClInclude>
    <ClInclude Include="GTypes.h">
      <Filter>Header Files</Filter>
    </ClInclude>
    <ClInclude Include="unique_handle.h">
      <Filter>Header Files</Filter>
    </ClInclude>
    <ClInclude Include="auto.h">
      <Filter>Header Files</Filter>
    </ClInclude>
    <ClInclude Include="Visualizer.h">
      <Filter>Header Files</Filter>
    </ClInclude>
    <ClInclude Include="DRender.h">
      <Filter>Header Files</Filter>
    </ClInclude>
    <ClInclude Include="SplitView.h">
      <Filter>Header Files</Filter>
    </ClInclude>
    <ClInclude Include="IElem.h">
      <Filter>Header Files</Filter>
    </ClInclude>
    <ClInclude Include="DGfx.h">
      <Filter>Header Files</Filter>
    </ClInclude>
    <ClInclude Include="Flat2DPS.h">
      <Filter>Header Files</Filter>
    </ClInclude>
    <ClInclude Include="Flat2DVS.h">
      <Filter>Header Files</Filter>
    </ClInclude>
    <ClInclude Include="DSolidBox.h">
      <Filter>Header Files</Filter>
    </ClInclude>
    <ClInclude Include="ISolidBox.h">
      <Filter>Header Files</Filter>
    </ClInclude>
  </ItemGroup>
  <ItemGroup>
    <None Include="packages.config" />
  </ItemGroup>
  <ItemGroup>
    <FxCompile Include="Flat2DPS.hlsl">
      <Filter>Source Files\Shaders</Filter>
    </FxCompile>
    <FxCompile Include="Flat2DVS.hlsl">
      <Filter>Source Files\Shaders</Filter>
    </FxCompile>
  </ItemGroup>
</Project>